
Microsoft Visual Studio Solution File, Format Version 12.00
# Visual Studio Version 16
VisualStudioVersion = 16.0.31515.178
MinimumVisualStudioVersion = 10.0.40219.1
Project("{9A19103F-16F7-4668-BE54-9A1E7A4F7556}") = "Utils", "Utils\Utils.csproj", "{67A92736-180E-404B-9270-E8FABA8479B3}"
EndProject
Project("{2150E333-8FDC-42A3-9474-1A3956D46DE8}") = "Tests", "Tests", "{24ACF550-2F84-407A-B912-99AC281E77D8}"
EndProject
Project("{FAE04EC0-301F-11D3-BF4B-00C04F79EFBC}") = "Utils.Tests", "tests\Utils.Tests\Utils.Tests.csproj", "{DB2E386D-9FA7-4F57-92F3-A75E03612705}"
EndProject
Global
	GlobalSection(SolutionConfigurationPlatforms) = preSolution
		Debug|Any CPU = Debug|Any CPU
		Release|Any CPU = Release|Any CPU
	EndGlobalSection
	GlobalSection(ProjectConfigurationPlatforms) = postSolution
		{67A92736-180E-404B-9270-E8FABA8479B3}.Debug|Any CPU.ActiveCfg = Debug|Any CPU
		{67A92736-180E-404B-9270-E8FABA8479B3}.Debug|Any CPU.Build.0 = Debug|Any CPU
		{67A92736-180E-404B-9270-E8FABA8479B3}.Release|Any CPU.ActiveCfg = Release|Any CPU
		{67A92736-180E-404B-9270-E8FABA8479B3}.Release|Any CPU.Build.0 = Release|Any CPU
		{DB2E386D-9FA7-4F57-92F3-A75E03612705}.Debug|Any CPU.ActiveCfg = Debug|Any CPU
		{DB2E386D-9FA7-4F57-92F3-A75E03612705}.Debug|Any CPU.Build.0 = Debug|Any CPU
		{DB2E386D-9FA7-4F57-92F3-A75E03612705}.Release|Any CPU.ActiveCfg = Release|Any CPU
		{DB2E386D-9FA7-4F57-92F3-A75E03612705}.Release|Any CPU.Build.0 = Release|Any CPU
	EndGlobalSection
	GlobalSection(SolutionProperties) = preSolution
		HideSolutionNode = FALSE
	EndGlobalSection
	GlobalSection(NestedProjects) = preSolution
		{DB2E386D-9FA7-4F57-92F3-A75E03612705} = {24ACF550-2F84-407A-B912-99AC281E77D8}
	EndGlobalSection
	GlobalSection(ExtensibilityGlobals) = postSolution
		SolutionGuid = {571508F9-6986-4EE5-B75A-2ABC17C8391F}
	EndGlobalSection
EndGlobal
